
Microsoft Visual Studio Solution File, Format Version 12.00
# Visual Studio 15
VisualStudioVersion = 15.0.28010.2046
MinimumVisualStudioVersion = 10.0.40219.1
Project("{FAE04EC0-301F-11D3-BF4B-00C04F79EFBC}") = "LocalHack-FinalScheduler", "LocalHack-FinalScheduler\LocalHack-FinalScheduler.csproj", "{BEB5A393-EC9F-4429-89C8-4F716DACFA95}"
EndProject
Global
	GlobalSection(SolutionConfigurationPlatforms) = preSolution
		Debug|Any CPU = Debug|Any CPU
		Release|Any CPU = Release|Any CPU
	EndGlobalSection
	GlobalSection(ProjectConfigurationPlatforms) = postSolution
		{BEB5A393-EC9F-4429-89C8-4F716DACFA95}.Debug|Any CPU.ActiveCfg = Debug|Any CPU
		{BEB5A393-EC9F-4429-89C8-4F716DACFA95}.Debug|Any CPU.Build.0 = Debug|Any CPU
		{BEB5A393-EC9F-4429-89C8-4F716DACFA95}.Release|Any CPU.ActiveCfg = Release|Any CPU
		{BEB5A393-EC9F-4429-89C8-4F716DACFA95}.Release|Any CPU.Build.0 = Release|Any CPU
	EndGlobalSection
	GlobalSection(SolutionProperties) = preSolution
		HideSolutionNode = FALSE
	EndGlobalSection
	GlobalSection(ExtensibilityGlobals) = postSolution
		SolutionGuid = {54833EC1-E0CF-44F4-8D03-12B760CCBFAF}
	EndGlobalSection
EndGlobal
